
Microsoft Visual Studio Solution File, Format Version 12.00
# Visual Studio Version 17
VisualStudioVersion = 17.14.36301.6
MinimumVisualStudioVersion = 10.0.40219.1
Project("{FAE04EC0-301F-11D3-BF4B-00C04F79EFBC}") = "Healthcare.Application", "Healthcare.Application\Healthcare.Application.csproj", "{CEE969EC-FF3A-456B-8C28-47757219FA19}"
EndProject
Project("{FAE04EC0-301F-11D3-BF4B-00C04F79EFBC}") = "Healthcare.Domain", "Healthcare.Domain\Healthcare.Domain.csproj", "{BC43770A-E549-48CF-942D-BAC113E925F8}"
EndProject
Project("{FAE04EC0-301F-11D3-BF4B-00C04F79EFBC}") = "Healthcare.Infrastructure", "Healthcare.Infrastructure\Healthcare.Infrastructure.csproj", "{AAAA4772-ABEF-489C-8951-141498119CDF}"
EndProject
Project("{FAE04EC0-301F-11D3-BF4B-00C04F79EFBC}") = "Healthcare.Test", "Healthcare.Test\Healthcare.Test.csproj", "{712D7C83-0E76-4039-86E2-48F3BD700918}"
EndProject
Project("{FAE04EC0-301F-11D3-BF4B-00C04F79EFBC}") = "Healthcare.Api", "Healthcare.Api\Healthcare.Api.csproj", "{6CBE5F3B-B3B3-400E-B852-E12B98A919BC}"
EndProject
Global
	GlobalSection(SolutionConfigurationPlatforms) = preSolution
		Debug|Any CPU = Debug|Any CPU
		Release|Any CPU = Release|Any CPU
	EndGlobalSection
	GlobalSection(ProjectConfigurationPlatforms) = postSolution
		{CEE969EC-FF3A-456B-8C28-47757219FA19}.Debug|Any CPU.ActiveCfg = Debug|Any CPU
		{CEE969EC-FF3A-456B-8C28-47757219FA19}.Debug|Any CPU.Build.0 = Debug|Any CPU
		{CEE969EC-FF3A-456B-8C28-47757219FA19}.Release|Any CPU.ActiveCfg = Release|Any CPU
		{CEE969EC-FF3A-456B-8C28-47757219FA19}.Release|Any CPU.Build.0 = Release|Any CPU
		{BC43770A-E549-48CF-942D-BAC113E925F8}.Debug|Any CPU.ActiveCfg = Debug|Any CPU
		{BC43770A-E549-48CF-942D-BAC113E925F8}.Debug|Any CPU.Build.0 = Debug|Any CPU
		{BC43770A-E549-48CF-942D-BAC113E925F8}.Release|Any CPU.ActiveCfg = Release|Any CPU
		{BC43770A-E549-48CF-942D-BAC113E925F8}.Release|Any CPU.Build.0 = Release|Any CPU
		{AAAA4772-ABEF-489C-8951-141498119CDF}.Debug|Any CPU.ActiveCfg = Debug|Any CPU
		{AAAA4772-ABEF-489C-8951-141498119CDF}.Debug|Any CPU.Build.0 = Debug|Any CPU
		{AAAA4772-ABEF-489C-8951-141498119CDF}.Release|Any CPU.ActiveCfg = Release|Any CPU
		{AAAA4772-ABEF-489C-8951-141498119CDF}.Release|Any CPU.Build.0 = Release|Any CPU
		{712D7C83-0E76-4039-86E2-48F3BD700918}.Debug|Any CPU.ActiveCfg = Debug|Any CPU
		{712D7C83-0E76-4039-86E2-48F3BD700918}.Debug|Any CPU.Build.0 = Debug|Any CPU
		{712D7C83-0E76-4039-86E2-48F3BD700918}.Release|Any CPU.ActiveCfg = Release|Any CPU
		{712D7C83-0E76-4039-86E2-48F3BD700918}.Release|Any CPU.Build.0 = Release|Any CPU
		{6CBE5F3B-B3B3-400E-B852-E12B98A919BC}.Debug|Any CPU.ActiveCfg = Debug|Any CPU
		{6CBE5F3B-B3B3-400E-B852-E12B98A919BC}.Debug|Any CPU.Build.0 = Debug|Any CPU
		{6CBE5F3B-B3B3-400E-B852-E12B98A919BC}.Release|Any CPU.ActiveCfg = Release|Any CPU
		{6CBE5F3B-B3B3-400E-B852-E12B98A919BC}.Release|Any CPU.Build.0 = Release|Any CPU
	EndGlobalSection
	GlobalSection(SolutionProperties) = preSolution
		HideSolutionNode = FALSE
	EndGlobalSection
	GlobalSection(ExtensibilityGlobals) = postSolution
		SolutionGuid = {DCBE9964-835F-4896-B586-D1E303A72E64}
	EndGlobalSection
EndGlobal
